{
  "name": "@design-forge/cli",
  "version": "1.0.0",
  "lockfileVersion": 3,
  "requires": true,
  "packages": {
    "": {
      "name": "@design-forge/cli",
      "version": "1.0.0",
      "license": "MIT",
      "bin": {
        "design-forge": "bin/cli.js",
        "df": "bin/cli.js"
      },
      "engines": {
        "node": ">=18.0.0"
      }
    }
  }
}
